
Microsoft Visual Studio Solution File, Format Version 12.00
# Visual Studio Version 16
VisualStudioVersion = 16.0.31321.278
MinimumVisualStudioVersion = 10.0.40219.1
Project("{FAE04EC0-301F-11D3-BF4B-00C04F79EFBC}") = "RY", "RY\RY.csproj", "{9071F72E-51A6-4889-9439-D4F3C3FB3659}"
EndProject
Project("{FAE04EC0-301F-11D3-BF4B-00C04F79EFBC}") = "TestProjectRY", "TestProjectRY\TestProjectRY.csproj", "{C3539B47-08E3-479A-B091-51B74A557CDD}"
EndProject
Global
	GlobalSection(SolutionConfigurationPlatforms) = preSolution
		Debug|Any CPU = Debug|Any CPU
		Release|Any CPU = Release|Any CPU
	EndGlobalSection
	GlobalSection(ProjectConfigurationPlatforms) = postSolution
		{9071F72E-51A6-4889-9439-D4F3C3FB3659}.Debug|Any CPU.ActiveCfg = Debug|Any CPU
		{9071F72E-51A6-4889-9439-D4F3C3FB3659}.Debug|Any CPU.Build.0 = Debug|Any CPU
		{9071F72E-51A6-4889-9439-D4F3C3FB3659}.Release|Any CPU.ActiveCfg = Release|Any CPU
		{9071F72E-51A6-4889-9439-D4F3C3FB3659}.Release|Any CPU.Build.0 = Release|Any CPU
		{C3539B47-08E3-479A-B091-51B74A557CDD}.Debug|Any CPU.ActiveCfg = Debug|Any CPU
		{C3539B47-08E3-479A-B091-51B74A557CDD}.Debug|Any CPU.Build.0 = Debug|Any CPU
		{C3539B47-08E3-479A-B091-51B74A557CDD}.Release|Any CPU.ActiveCfg = Release|Any CPU
		{C3539B47-08E3-479A-B091-51B74A557CDD}.Release|Any CPU.Build.0 = Release|Any CPU
	EndGlobalSection
	GlobalSection(SolutionProperties) = preSolution
		HideSolutionNode = FALSE
	EndGlobalSection
	GlobalSection(ExtensibilityGlobals) = postSolution
		SolutionGuid = {8064D329-7BE6-4F53-9F13-EC5E8179E654}
	EndGlobalSection
EndGlobal
